
Microsoft Visual Studio Solution File, Format Version 12.00
# Visual Studio 15
VisualStudioVersion = 15.0.27004.2006
MinimumVisualStudioVersion = 10.0.40219.1
Project("{FAE04EC0-301F-11D3-BF4B-00C04F79EFBC}") = "Projeto de Aptidão Profissional", "Projeto de Aptidão Profissional\Projeto de Aptidão Profissional.csproj", "{B84E53A5-08F4-4828-8444-B4AE46187954}"
EndProject
Global
	GlobalSection(SolutionConfigurationPlatforms) = preSolution
		Debug|Any CPU = Debug|Any CPU
		Release|Any CPU = Release|Any CPU
	EndGlobalSection
	GlobalSection(ProjectConfigurationPlatforms) = postSolution
		{B84E53A5-08F4-4828-8444-B4AE46187954}.Debug|Any CPU.ActiveCfg = Debug|Any CPU
		{B84E53A5-08F4-4828-8444-B4AE46187954}.Debug|Any CPU.Build.0 = Debug|Any CPU
		{B84E53A5-08F4-4828-8444-B4AE46187954}.Release|Any CPU.ActiveCfg = Release|Any CPU
		{B84E53A5-08F4-4828-8444-B4AE46187954}.Release|Any CPU.Build.0 = Release|Any CPU
	EndGlobalSection
	GlobalSection(SolutionProperties) = preSolution
		HideSolutionNode = FALSE
	EndGlobalSection
	GlobalSection(ExtensibilityGlobals) = postSolution
		SolutionGuid = {DDDC2580-BC6A-4F09-93E6-E294ACEE11E0}
	EndGlobalSection
EndGlobal
